
Microsoft Visual Studio Solution File, Format Version 12.00
# Visual Studio Version 17
VisualStudioVersion = 17.5.002.0
MinimumVisualStudioVersion = 10.0.40219.1
Project("{9A19103F-16F7-4668-BE54-9A1E7A4F7556}") = "InvenFlow-MVC", "InvenFlow-MVC.csproj", "{66D0F081-0538-466E-B119-D58E22E84BD1}"
EndProject
Global
	GlobalSection(SolutionConfigurationPlatforms) = preSolution
		Debug|Any CPU = Debug|Any CPU
		Release|Any CPU = Release|Any CPU
	EndGlobalSection
	GlobalSection(ProjectConfigurationPlatforms) = postSolution
		{66D0F081-0538-466E-B119-D58E22E84BD1}.Debug|Any CPU.ActiveCfg = Debug|Any CPU
		{66D0F081-0538-466E-B119-D58E22E84BD1}.Debug|Any CPU.Build.0 = Debug|Any CPU
		{66D0F081-0538-466E-B119-D58E22E84BD1}.Release|Any CPU.ActiveCfg = Release|Any CPU
		{66D0F081-0538-466E-B119-D58E22E84BD1}.Release|Any CPU.Build.0 = Release|Any CPU
	EndGlobalSection
	GlobalSection(SolutionProperties) = preSolution
		HideSolutionNode = FALSE
	EndGlobalSection
	GlobalSection(ExtensibilityGlobals) = postSolution
		SolutionGuid = {A1405F26-0275-40ED-A8DC-9F4D3FE9EC9D}
	EndGlobalSection
EndGlobal
